
Microsoft Visual Studio Solution File, Format Version 12.00
# Visual Studio Version 17
VisualStudioVersion = 17.5.002.0
MinimumVisualStudioVersion = 10.0.40219.1
Project("{FAE04EC0-301F-11D3-BF4B-00C04F79EFBC}") = "AuthGatun", "AuthGatun\AuthGatun.csproj", "{0C17A63B-6311-4536-A3D6-6550D74A29F5}"
EndProject
Project("{FAE04EC0-301F-11D3-BF4B-00C04F79EFBC}") = "AuthGatun.Tests", "AuthGatun.Tests\AuthGatun.Tests.csproj", "{F34E58EB-F236-44E4-B2B0-42DDD7EFC1E3}"
EndProject
Global
	GlobalSection(SolutionConfigurationPlatforms) = preSolution
		Debug|Any CPU = Debug|Any CPU
		Release|Any CPU = Release|Any CPU
	EndGlobalSection
	GlobalSection(ProjectConfigurationPlatforms) = postSolution
		{39C375F2-1DBF-43A6-A94D-912F8F63266A}.Debug|Any CPU.ActiveCfg = Debug|Any CPU
		{39C375F2-1DBF-43A6-A94D-912F8F63266A}.Debug|Any CPU.Build.0 = Debug|Any CPU
		{39C375F2-1DBF-43A6-A94D-912F8F63266A}.Release|Any CPU.ActiveCfg = Release|Any CPU
		{39C375F2-1DBF-43A6-A94D-912F8F63266A}.Release|Any CPU.Build.0 = Release|Any CPU
		{0C17A63B-6311-4536-A3D6-6550D74A29F5}.Debug|Any CPU.ActiveCfg = Debug|Any CPU
		{0C17A63B-6311-4536-A3D6-6550D74A29F5}.Debug|Any CPU.Build.0 = Debug|Any CPU
		{0C17A63B-6311-4536-A3D6-6550D74A29F5}.Release|Any CPU.ActiveCfg = Release|Any CPU
		{0C17A63B-6311-4536-A3D6-6550D74A29F5}.Release|Any CPU.Build.0 = Release|Any CPU
		{F34E58EB-F236-44E4-B2B0-42DDD7EFC1E3}.Debug|Any CPU.ActiveCfg = Debug|Any CPU
		{F34E58EB-F236-44E4-B2B0-42DDD7EFC1E3}.Debug|Any CPU.Build.0 = Debug|Any CPU
		{F34E58EB-F236-44E4-B2B0-42DDD7EFC1E3}.Release|Any CPU.ActiveCfg = Release|Any CPU
		{F34E58EB-F236-44E4-B2B0-42DDD7EFC1E3}.Release|Any CPU.Build.0 = Release|Any CPU
	EndGlobalSection
	GlobalSection(SolutionProperties) = preSolution
		HideSolutionNode = FALSE
	EndGlobalSection
	GlobalSection(ExtensibilityGlobals) = postSolution
		SolutionGuid = {10FEEFAE-7F67-49CF-9BA4-2E4EC9D14BFB}
	EndGlobalSection
EndGlobal
